
Microsoft Visual Studio Solution File, Format Version 12.00
# Visual Studio Version 16
VisualStudioVersion = 16.0.33927.289
MinimumVisualStudioVersion = 10.0.40219.1
Project("{2150E333-8FDC-42A3-9474-1A3956D46DE8}") = "Task0", "Task0", "{AAAEF014-DD60-41B7-AC35-3F7B36177A83}"
EndProject
Project("{FAE04EC0-301F-11D3-BF4B-00C04F79EFBC}") = "Tyuiu.KomarovMI.Sprint2.Task0.V27", "Tyuiu.KomarovMI.Sprint2.Task0.V27\Tyuiu.KomarovMI.Sprint2.Task0.V27.csproj", "{89C9CEDC-0DB0-4418-A40C-1AB6A8DFC563}"
EndProject
Project("{FAE04EC0-301F-11D3-BF4B-00C04F79EFBC}") = "Tyuiu.KomarovMI.Sprint2.Task0.V27.Lib", "Tyuiu.KomarovMI.Sprint2.Task0.V27.Lib\Tyuiu.KomarovMI.Sprint2.Task0.V27.Lib.csproj", "{7E446F2D-E007-43C7-8849-C21ADD6A4B2F}"
EndProject
Project("{FAE04EC0-301F-11D3-BF4B-00C04F79EFBC}") = "Tyuiu.KomarovMI.Sprint2.Task0.V27.Test", "Tyuiu.KomarovMI.Sprint2.Task0.V27.Test\Tyuiu.KomarovMI.Sprint2.Task0.V27.Test.csproj", "{1274BE5E-953F-4905-A978-B9E86C84528E}"
EndProject
Global
	GlobalSection(SolutionConfigurationPlatforms) = preSolution
		Debug|Any CPU = Debug|Any CPU
		Release|Any CPU = Release|Any CPU
	EndGlobalSection
	GlobalSection(ProjectConfigurationPlatforms) = postSolution
		{89C9CEDC-0DB0-4418-A40C-1AB6A8DFC563}.Debug|Any CPU.ActiveCfg = Debug|Any CPU
		{89C9CEDC-0DB0-4418-A40C-1AB6A8DFC563}.Debug|Any CPU.Build.0 = Debug|Any CPU
		{89C9CEDC-0DB0-4418-A40C-1AB6A8DFC563}.Release|Any CPU.ActiveCfg = Release|Any CPU
		{89C9CEDC-0DB0-4418-A40C-1AB6A8DFC563}.Release|Any CPU.Build.0 = Release|Any CPU
		{7E446F2D-E007-43C7-8849-C21ADD6A4B2F}.Debug|Any CPU.ActiveCfg = Debug|Any CPU
		{7E446F2D-E007-43C7-8849-C21ADD6A4B2F}.Debug|Any CPU.Build.0 = Debug|Any CPU
		{7E446F2D-E007-43C7-8849-C21ADD6A4B2F}.Release|Any CPU.ActiveCfg = Release|Any CPU
		{7E446F2D-E007-43C7-8849-C21ADD6A4B2F}.Release|Any CPU.Build.0 = Release|Any CPU
		{1274BE5E-953F-4905-A978-B9E86C84528E}.Debug|Any CPU.ActiveCfg = Debug|Any CPU
		{1274BE5E-953F-4905-A978-B9E86C84528E}.Debug|Any CPU.Build.0 = Debug|Any CPU
		{1274BE5E-953F-4905-A978-B9E86C84528E}.Release|Any CPU.ActiveCfg = Release|Any CPU
		{1274BE5E-953F-4905-A978-B9E86C84528E}.Release|Any CPU.Build.0 = Release|Any CPU
	EndGlobalSection
	GlobalSection(SolutionProperties) = preSolution
		HideSolutionNode = FALSE
	EndGlobalSection
	GlobalSection(NestedProjects) = preSolution
		{89C9CEDC-0DB0-4418-A40C-1AB6A8DFC563} = {AAAEF014-DD60-41B7-AC35-3F7B36177A83}
		{7E446F2D-E007-43C7-8849-C21ADD6A4B2F} = {AAAEF014-DD60-41B7-AC35-3F7B36177A83}
		{1274BE5E-953F-4905-A978-B9E86C84528E} = {AAAEF014-DD60-41B7-AC35-3F7B36177A83}
	EndGlobalSection
	GlobalSection(ExtensibilityGlobals) = postSolution
		SolutionGuid = {33AB68E3-601C-4487-BA30-0DF9C3F764E4}
	EndGlobalSection
EndGlobal
