
Microsoft Visual Studio Solution File, Format Version 12.00
# Visual Studio Version 16
VisualStudioVersion = 16.0.33927.289
MinimumVisualStudioVersion = 10.0.40219.1
Project("{2150E333-8FDC-42A3-9474-1A3956D46DE8}") = "Task0", "Task0", "{AAAEF014-DD60-41B7-AC35-3F7B36177A83}"
EndProject
Project("{FAE04EC0-301F-11D3-BF4B-00C04F79EFBC}") = "Tyuiu.KomarovMI.Sprint2.Task0.V27", "Tyuiu.KomarovMI.Sprint2.Task0.V27\Tyuiu.KomarovMI.Sprint2.Task0.V27.csproj", "{89C9CEDC-0DB0-4418-A40C-1AB6A8DFC563}"
EndProject
Project("{FAE04EC0-301F-11D3-BF4B-00C04F79EFBC}") = "Tyuiu.KomarovMI.Sprint2.Task0.V27.Lib", "Tyuiu.KomarovMI.Sprint2.Task0.V27.Lib\Tyuiu.KomarovMI.Sprint2.Task0.V27.Lib.csproj", "{7E446F2D-E007-43C7-8849-C21ADD6A4B2F}"
EndProject
Project("{FAE04EC0-301F-11D3-BF4B-00C04F79EFBC}") = "Tyuiu.KomarovMI.Sprint2.Task0.V27.Test", "Tyuiu.KomarovMI.Sprint2.Task0.V27.Test\Tyuiu.KomarovMI.Sprint2.Task0.V27.Test.csproj", "{1274BE5E-953F-4905-A978-B9E86C84528E}"
EndProject
Project("{2150E333-8FDC-42A3-9474-1A3956D46DE8}") = "Task1", "Task1", "{5B44F1FD-8F8D-4239-A105-0F35E45D1838}"
EndProject
Project("{FAE04EC0-301F-11D3-BF4B-00C04F79EFBC}") = "Tyuiu.KomarovMI.Sprint2.Task1.V11", "Tyuiu.KomarovMI.Sprint2.Task1.V11\Tyuiu.KomarovMI.Sprint2.Task1.V11.csproj", "{9D7C9F1D-AC35-4658-A747-6A1234E8E7F2}"
EndProject
Project("{FAE04EC0-301F-11D3-BF4B-00C04F79EFBC}") = "Tyuiu.KomarovMI.Sprint2.Task1.V11.Lib", "Tyuiu.KomarovMI.Sprint2.Task1.V11.Lib\Tyuiu.KomarovMI.Sprint2.Task1.V11.Lib.csproj", "{389F8C42-6A4C-4F12-9231-604517CB3393}"
EndProject
Project("{FAE04EC0-301F-11D3-BF4B-00C04F79EFBC}") = "Tyuiu.KomarovMI.Sprint2.Task1.V11.Test", "Tyuiu.KomarovMI.Sprint2.Task1.V11.Test\Tyuiu.KomarovMI.Sprint2.Task1.V11.Test.csproj", "{C04253AF-FA1E-4F64-AE16-739287F392E6}"
EndProject
Project("{2150E333-8FDC-42A3-9474-1A3956D46DE8}") = "Task2", "Task2", "{EF3DDBDD-4FA9-478A-B252-34DB40F60154}"
EndProject
Project("{FAE04EC0-301F-11D3-BF4B-00C04F79EFBC}") = "Tyuiu.KomarovMI.Sprint2.Task2.V5", "Tyuiu.KomarovMI.Sprint2.Task2.V5\Tyuiu.KomarovMI.Sprint2.Task2.V5.csproj", "{3DAE6207-6DBF-4D98-9D95-64B1E25FB7C2}"
EndProject
Project("{FAE04EC0-301F-11D3-BF4B-00C04F79EFBC}") = "Tyuiu.KomarovMI.Sprint2.Task2.V5.Lib", "Tyuiu.KomarovMI.Sprint2.Task2.V5.Lib\Tyuiu.KomarovMI.Sprint2.Task2.V5.Lib.csproj", "{3A9026E1-EB33-4217-92D9-D3FC40B82553}"
EndProject
Project("{FAE04EC0-301F-11D3-BF4B-00C04F79EFBC}") = "Tyuiu.KomarovMI.Sprint2.Task2.V5.Test", "Tyuiu.KomarovMI.Sprint2.Task2.V5.Test\Tyuiu.KomarovMI.Sprint2.Task2.V5.Test.csproj", "{891B32E5-71F9-45B1-8731-3F6DA1EF2295}"
EndProject
Project("{2150E333-8FDC-42A3-9474-1A3956D46DE8}") = "Task3", "Task3", "{EB6DC77A-3DC3-4C1A-AEF2-EF7B4787A879}"
EndProject
Project("{FAE04EC0-301F-11D3-BF4B-00C04F79EFBC}") = "Tyuiu.KomarovMI.Sprint2.Task3.V5", "Tyuiu.KomarovMI.Sprint2.Task3.V5\Tyuiu.KomarovMI.Sprint2.Task3.V5.csproj", "{51E8EAD3-FAFE-46D1-A618-6C10C1DEA15B}"
EndProject
Project("{FAE04EC0-301F-11D3-BF4B-00C04F79EFBC}") = "Tyuiu.KomarovMI.Sprint2.Task3.V5.Lib", "Tyuiu.KomarovMI.Sprint2.Task3.V5.Lib\Tyuiu.KomarovMI.Sprint2.Task3.V5.Lib.csproj", "{3EF9317C-A2A5-4041-B447-5B93A701B823}"
EndProject
Project("{FAE04EC0-301F-11D3-BF4B-00C04F79EFBC}") = "Tyuiu.KomarovMI.Sprint2.Task3.V5.Test", "Tyuiu.KomarovMI.Sprint2.Task3.V5.Test\Tyuiu.KomarovMI.Sprint2.Task3.V5.Test.csproj", "{F58E2218-B2DC-426C-BFF4-CFBA7AEC023C}"
EndProject
Project("{2150E333-8FDC-42A3-9474-1A3956D46DE8}") = "Task4", "Task4", "{78BCA739-C146-4C37-A5CD-35650B5AD80C}"
EndProject
Project("{FAE04EC0-301F-11D3-BF4B-00C04F79EFBC}") = "Tyuiu.KomarovMI.Sprint2.Task4.V21", "Tyuiu.KomarovMI.Sprint2.Task4.V21\Tyuiu.KomarovMI.Sprint2.Task4.V21.csproj", "{782C5BDD-D9A5-4255-84D8-3BBC678DF202}"
EndProject
Project("{FAE04EC0-301F-11D3-BF4B-00C04F79EFBC}") = "Tyuiu.KomarovMI.Sprint2.Task4.V21.Lib", "Tyuiu.KomarovMI.Sprint2.Task4.V21.Lib\Tyuiu.KomarovMI.Sprint2.Task4.V21.Lib.csproj", "{748C533A-FBDB-4177-9536-34AD6641015A}"
EndProject
Project("{FAE04EC0-301F-11D3-BF4B-00C04F79EFBC}") = "Tyuiu.KomarovMI.Sprint2.Task4.V21.Test", "Tyuiu.KomarovMI.Sprint2.Task4.V21.Test\Tyuiu.KomarovMI.Sprint2.Task4.V21.Test.csproj", "{8B6898BE-3711-4BDF-8FDB-C599756C6C3E}"
EndProject
Project("{2150E333-8FDC-42A3-9474-1A3956D46DE8}") = "Task5", "Task5", "{97B30ABF-CAE2-4B32-AE52-4FF2F363D6E6}"
EndProject
Project("{FAE04EC0-301F-11D3-BF4B-00C04F79EFBC}") = "Tyuiu.KomarovMI.Sprint2.Task5.V6", "Tyuiu.KomarovMI.Sprint2.Task5.V6\Tyuiu.KomarovMI.Sprint2.Task5.V6.csproj", "{05954931-71EC-4824-8F9F-623043D6D5DD}"
EndProject
Project("{FAE04EC0-301F-11D3-BF4B-00C04F79EFBC}") = "Tyuiu.KomarovMI.Sprint2.Task5.V6.Lib", "Tyuiu.KomarovMI.Sprint2.Task5.V6.Lib\Tyuiu.KomarovMI.Sprint2.Task5.V6.Lib.csproj", "{50CF39A2-5EF7-4A0D-A161-2356A5A84508}"
EndProject
Project("{FAE04EC0-301F-11D3-BF4B-00C04F79EFBC}") = "Tyuiu.KomarovMI.Sprint2.Task5.V6.Test", "Tyuiu.KomarovMI.Sprint2.Task5.V6.Test\Tyuiu.KomarovMI.Sprint2.Task5.V6.Test.csproj", "{A81D4878-D303-45D5-BDD2-95CE018BA0EF}"
EndProject
Project("{2150E333-8FDC-42A3-9474-1A3956D46DE8}") = "Task6", "Task6", "{F3BFDE6A-44F7-45AC-8D3F-509A0F7354EE}"
EndProject
Project("{FAE04EC0-301F-11D3-BF4B-00C04F79EFBC}") = "Tyuiu.KomarovMI.Sprint2.Task6.V2", "Tyuiu.KomarovMI.Sprint2.Task6.V2\Tyuiu.KomarovMI.Sprint2.Task6.V2.csproj", "{2A3F4F4B-AE4B-4028-A761-FF31E9C21786}"
EndProject
Project("{FAE04EC0-301F-11D3-BF4B-00C04F79EFBC}") = "Tyuiu.KomarovMI.Sprint2.Task6.V2.Lib", "Tyuiu.KomarovMI.Sprint2.Task6.V2.Lib\Tyuiu.KomarovMI.Sprint2.Task6.V2.Lib.csproj", "{D70BF547-5C60-4EA2-A284-D1E9D04B8845}"
EndProject
Project("{FAE04EC0-301F-11D3-BF4B-00C04F79EFBC}") = "Tyuiu.KomarovMI.Sprint2.Task6.V2.Test", "Tyuiu.KomarovMI.Sprint2.Task6.V2.Test\Tyuiu.KomarovMI.Sprint2.Task6.V2.Test.csproj", "{150B7B0A-D18C-4E76-A752-7AF28D9A7D30}"
EndProject
Project("{2150E333-8FDC-42A3-9474-1A3956D46DE8}") = "Task7", "Task7", "{31B38BE4-8FF2-40B5-8E07-7501301952D0}"
EndProject
Project("{FAE04EC0-301F-11D3-BF4B-00C04F79EFBC}") = "Tyuiu.KomarovMI.Sprint2.Task7.V13", "Tyuiu.KomarovMI.Sprint2.Task7.V13\Tyuiu.KomarovMI.Sprint2.Task7.V13.csproj", "{7444D5E3-4456-4276-8A5C-5FBA8464576C}"
EndProject
Project("{FAE04EC0-301F-11D3-BF4B-00C04F79EFBC}") = "Tyuiu.KomarovMI.Sprint2.Task7.V13.Lib", "Tyuiu.KomarovMI.Sprint2.Task7.V13.Lib\Tyuiu.KomarovMI.Sprint2.Task7.V13.Lib.csproj", "{6CD49C1B-FFA7-4D1D-8389-11418FFA8B4F}"
EndProject
Project("{FAE04EC0-301F-11D3-BF4B-00C04F79EFBC}") = "Tyuiu.KomarovMI.Sprint2.Task7.V13.Test", "Tyuiu.KomarovMI.Sprint2.Task7.V13.Test\Tyuiu.KomarovMI.Sprint2.Task7.V13.Test.csproj", "{2927B547-4EBB-4291-883F-5DDEEC29150C}"
EndProject
Global
	GlobalSection(SolutionConfigurationPlatforms) = preSolution
		Debug|Any CPU = Debug|Any CPU
		Release|Any CPU = Release|Any CPU
	EndGlobalSection
	GlobalSection(ProjectConfigurationPlatforms) = postSolution
		{89C9CEDC-0DB0-4418-A40C-1AB6A8DFC563}.Debug|Any CPU.ActiveCfg = Debug|Any CPU
		{89C9CEDC-0DB0-4418-A40C-1AB6A8DFC563}.Debug|Any CPU.Build.0 = Debug|Any CPU
		{89C9CEDC-0DB0-4418-A40C-1AB6A8DFC563}.Release|Any CPU.ActiveCfg = Release|Any CPU
		{89C9CEDC-0DB0-4418-A40C-1AB6A8DFC563}.Release|Any CPU.Build.0 = Release|Any CPU
		{7E446F2D-E007-43C7-8849-C21ADD6A4B2F}.Debug|Any CPU.ActiveCfg = Debug|Any CPU
		{7E446F2D-E007-43C7-8849-C21ADD6A4B2F}.Debug|Any CPU.Build.0 = Debug|Any CPU
		{7E446F2D-E007-43C7-8849-C21ADD6A4B2F}.Release|Any CPU.ActiveCfg = Release|Any CPU
		{7E446F2D-E007-43C7-8849-C21ADD6A4B2F}.Release|Any CPU.Build.0 = Release|Any CPU
		{1274BE5E-953F-4905-A978-B9E86C84528E}.Debug|Any CPU.ActiveCfg = Debug|Any CPU
		{1274BE5E-953F-4905-A978-B9E86C84528E}.Debug|Any CPU.Build.0 = Debug|Any CPU
		{1274BE5E-953F-4905-A978-B9E86C84528E}.Release|Any CPU.ActiveCfg = Release|Any CPU
		{1274BE5E-953F-4905-A978-B9E86C84528E}.Release|Any CPU.Build.0 = Release|Any CPU
		{9D7C9F1D-AC35-4658-A747-6A1234E8E7F2}.Debug|Any CPU.ActiveCfg = Debug|Any CPU
		{9D7C9F1D-AC35-4658-A747-6A1234E8E7F2}.Debug|Any CPU.Build.0 = Debug|Any CPU
		{9D7C9F1D-AC35-4658-A747-6A1234E8E7F2}.Release|Any CPU.ActiveCfg = Release|Any CPU
		{9D7C9F1D-AC35-4658-A747-6A1234E8E7F2}.Release|Any CPU.Build.0 = Release|Any CPU
		{389F8C42-6A4C-4F12-9231-604517CB3393}.Debug|Any CPU.ActiveCfg = Debug|Any CPU
		{389F8C42-6A4C-4F12-9231-604517CB3393}.Debug|Any CPU.Build.0 = Debug|Any CPU
		{389F8C42-6A4C-4F12-9231-604517CB3393}.Release|Any CPU.ActiveCfg = Release|Any CPU
		{389F8C42-6A4C-4F12-9231-604517CB3393}.Release|Any CPU.Build.0 = Release|Any CPU
		{C04253AF-FA1E-4F64-AE16-739287F392E6}.Debug|Any CPU.ActiveCfg = Debug|Any CPU
		{C04253AF-FA1E-4F64-AE16-739287F392E6}.Debug|Any CPU.Build.0 = Debug|Any CPU
		{C04253AF-FA1E-4F64-AE16-739287F392E6}.Release|Any CPU.ActiveCfg = Release|Any CPU
		{C04253AF-FA1E-4F64-AE16-739287F392E6}.Release|Any CPU.Build.0 = Release|Any CPU
		{3DAE6207-6DBF-4D98-9D95-64B1E25FB7C2}.Debug|Any CPU.ActiveCfg = Debug|Any CPU
		{3DAE6207-6DBF-4D98-9D95-64B1E25FB7C2}.Debug|Any CPU.Build.0 = Debug|Any CPU
		{3DAE6207-6DBF-4D98-9D95-64B1E25FB7C2}.Release|Any CPU.ActiveCfg = Release|Any CPU
		{3DAE6207-6DBF-4D98-9D95-64B1E25FB7C2}.Release|Any CPU.Build.0 = Release|Any CPU
		{3A9026E1-EB33-4217-92D9-D3FC40B82553}.Debug|Any CPU.ActiveCfg = Debug|Any CPU
		{3A9026E1-EB33-4217-92D9-D3FC40B82553}.Debug|Any CPU.Build.0 = Debug|Any CPU
		{3A9026E1-EB33-4217-92D9-D3FC40B82553}.Release|Any CPU.ActiveCfg = Release|Any CPU
		{3A9026E1-EB33-4217-92D9-D3FC40B82553}.Release|Any CPU.Build.0 = Release|Any CPU
		{891B32E5-71F9-45B1-8731-3F6DA1EF2295}.Debug|Any CPU.ActiveCfg = Debug|Any CPU
		{891B32E5-71F9-45B1-8731-3F6DA1EF2295}.Debug|Any CPU.Build.0 = Debug|Any CPU
		{891B32E5-71F9-45B1-8731-3F6DA1EF2295}.Release|Any CPU.ActiveCfg = Release|Any CPU
		{891B32E5-71F9-45B1-8731-3F6DA1EF2295}.Release|Any CPU.Build.0 = Release|Any CPU
		{51E8EAD3-FAFE-46D1-A618-6C10C1DEA15B}.Debug|Any CPU.ActiveCfg = Debug|Any CPU
		{51E8EAD3-FAFE-46D1-A618-6C10C1DEA15B}.Debug|Any CPU.Build.0 = Debug|Any CPU
		{51E8EAD3-FAFE-46D1-A618-6C10C1DEA15B}.Release|Any CPU.ActiveCfg = Release|Any CPU
		{51E8EAD3-FAFE-46D1-A618-6C10C1DEA15B}.Release|Any CPU.Build.0 = Release|Any CPU
		{3EF9317C-A2A5-4041-B447-5B93A701B823}.Debug|Any CPU.ActiveCfg = Debug|Any CPU
		{3EF9317C-A2A5-4041-B447-5B93A701B823}.Debug|Any CPU.Build.0 = Debug|Any CPU
		{3EF9317C-A2A5-4041-B447-5B93A701B823}.Release|Any CPU.ActiveCfg = Release|Any CPU
		{3EF9317C-A2A5-4041-B447-5B93A701B823}.Release|Any CPU.Build.0 = Release|Any CPU
		{F58E2218-B2DC-426C-BFF4-CFBA7AEC023C}.Debug|Any CPU.ActiveCfg = Debug|Any CPU
		{F58E2218-B2DC-426C-BFF4-CFBA7AEC023C}.Debug|Any CPU.Build.0 = Debug|Any CPU
		{F58E2218-B2DC-426C-BFF4-CFBA7AEC023C}.Release|Any CPU.ActiveCfg = Release|Any CPU
		{F58E2218-B2DC-426C-BFF4-CFBA7AEC023C}.Release|Any CPU.Build.0 = Release|Any CPU
		{782C5BDD-D9A5-4255-84D8-3BBC678DF202}.Debug|Any CPU.ActiveCfg = Debug|Any CPU
		{782C5BDD-D9A5-4255-84D8-3BBC678DF202}.Debug|Any CPU.Build.0 = Debug|Any CPU
		{782C5BDD-D9A5-4255-84D8-3BBC678DF202}.Release|Any CPU.ActiveCfg = Release|Any CPU
		{782C5BDD-D9A5-4255-84D8-3BBC678DF202}.Release|Any CPU.Build.0 = Release|Any CPU
		{748C533A-FBDB-4177-9536-34AD6641015A}.Debug|Any CPU.ActiveCfg = Debug|Any CPU
		{748C533A-FBDB-4177-9536-34AD6641015A}.Debug|Any CPU.Build.0 = Debug|Any CPU
		{748C533A-FBDB-4177-9536-34AD6641015A}.Release|Any CPU.ActiveCfg = Release|Any CPU
		{748C533A-FBDB-4177-9536-34AD6641015A}.Release|Any CPU.Build.0 = Release|Any CPU
		{8B6898BE-3711-4BDF-8FDB-C599756C6C3E}.Debug|Any CPU.ActiveCfg = Debug|Any CPU
		{8B6898BE-3711-4BDF-8FDB-C599756C6C3E}.Debug|Any CPU.Build.0 = Debug|Any CPU
		{8B6898BE-3711-4BDF-8FDB-C599756C6C3E}.Release|Any CPU.ActiveCfg = Release|Any CPU
		{8B6898BE-3711-4BDF-8FDB-C599756C6C3E}.Release|Any CPU.Build.0 = Release|Any CPU
		{05954931-71EC-4824-8F9F-623043D6D5DD}.Debug|Any CPU.ActiveCfg = Debug|Any CPU
		{05954931-71EC-4824-8F9F-623043D6D5DD}.Debug|Any CPU.Build.0 = Debug|Any CPU
		{05954931-71EC-4824-8F9F-623043D6D5DD}.Release|Any CPU.ActiveCfg = Release|Any CPU
		{05954931-71EC-4824-8F9F-623043D6D5DD}.Release|Any CPU.Build.0 = Release|Any CPU
		{50CF39A2-5EF7-4A0D-A161-2356A5A84508}.Debug|Any CPU.ActiveCfg = Debug|Any CPU
		{50CF39A2-5EF7-4A0D-A161-2356A5A84508}.Debug|Any CPU.Build.0 = Debug|Any CPU
		{50CF39A2-5EF7-4A0D-A161-2356A5A84508}.Release|Any CPU.ActiveCfg = Release|Any CPU
		{50CF39A2-5EF7-4A0D-A161-2356A5A84508}.Release|Any CPU.Build.0 = Release|Any CPU
		{A81D4878-D303-45D5-BDD2-95CE018BA0EF}.Debug|Any CPU.ActiveCfg = Debug|Any CPU
		{A81D4878-D303-45D5-BDD2-95CE018BA0EF}.Debug|Any CPU.Build.0 = Debug|Any CPU
		{A81D4878-D303-45D5-BDD2-95CE018BA0EF}.Release|Any CPU.ActiveCfg = Release|Any CPU
		{A81D4878-D303-45D5-BDD2-95CE018BA0EF}.Release|Any CPU.Build.0 = Release|Any CPU
		{2A3F4F4B-AE4B-4028-A761-FF31E9C21786}.Debug|Any CPU.ActiveCfg = Debug|Any CPU
		{2A3F4F4B-AE4B-4028-A761-FF31E9C21786}.Debug|Any CPU.Build.0 = Debug|Any CPU
		{2A3F4F4B-AE4B-4028-A761-FF31E9C21786}.Release|Any CPU.ActiveCfg = Release|Any CPU
		{2A3F4F4B-AE4B-4028-A761-FF31E9C21786}.Release|Any CPU.Build.0 = Release|Any CPU
		{D70BF547-5C60-4EA2-A284-D1E9D04B8845}.Debug|Any CPU.ActiveCfg = Debug|Any CPU
		{D70BF547-5C60-4EA2-A284-D1E9D04B8845}.Debug|Any CPU.Build.0 = Debug|Any CPU
		{D70BF547-5C60-4EA2-A284-D1E9D04B8845}.Release|Any CPU.ActiveCfg = Release|Any CPU
		{D70BF547-5C60-4EA2-A284-D1E9D04B8845}.Release|Any CPU.Build.0 = Release|Any CPU
		{150B7B0A-D18C-4E76-A752-7AF28D9A7D30}.Debug|Any CPU.ActiveCfg = Debug|Any CPU
		{150B7B0A-D18C-4E76-A752-7AF28D9A7D30}.Debug|Any CPU.Build.0 = Debug|Any CPU
		{150B7B0A-D18C-4E76-A752-7AF28D9A7D30}.Release|Any CPU.ActiveCfg = Release|Any CPU
		{150B7B0A-D18C-4E76-A752-7AF28D9A7D30}.Release|Any CPU.Build.0 = Release|Any CPU
		{7444D5E3-4456-4276-8A5C-5FBA8464576C}.Debug|Any CPU.ActiveCfg = Debug|Any CPU
		{7444D5E3-4456-4276-8A5C-5FBA8464576C}.Debug|Any CPU.Build.0 = Debug|Any CPU
		{7444D5E3-4456-4276-8A5C-5FBA8464576C}.Release|Any CPU.ActiveCfg = Release|Any CPU
		{7444D5E3-4456-4276-8A5C-5FBA8464576C}.Release|Any CPU.Build.0 = Release|Any CPU
		{6CD49C1B-FFA7-4D1D-8389-11418FFA8B4F}.Debug|Any CPU.ActiveCfg = Debug|Any CPU
		{6CD49C1B-FFA7-4D1D-8389-11418FFA8B4F}.Debug|Any CPU.Build.0 = Debug|Any CPU
		{6CD49C1B-FFA7-4D1D-8389-11418FFA8B4F}.Release|Any CPU.ActiveCfg = Release|Any CPU
		{6CD49C1B-FFA7-4D1D-8389-11418FFA8B4F}.Release|Any CPU.Build.0 = Release|Any CPU
		{2927B547-4EBB-4291-883F-5DDEEC29150C}.Debug|Any CPU.ActiveCfg = Debug|Any CPU
		{2927B547-4EBB-4291-883F-5DDEEC29150C}.Debug|Any CPU.Build.0 = Debug|Any CPU
		{2927B547-4EBB-4291-883F-5DDEEC29150C}.Release|Any CPU.ActiveCfg = Release|Any CPU
		{2927B547-4EBB-4291-883F-5DDEEC29150C}.Release|Any CPU.Build.0 = Release|Any CPU
	EndGlobalSection
	GlobalSection(SolutionProperties) = preSolution
		HideSolutionNode = FALSE
	EndGlobalSection
	GlobalSection(NestedProjects) = preSolution
		{89C9CEDC-0DB0-4418-A40C-1AB6A8DFC563} = {AAAEF014-DD60-41B7-AC35-3F7B36177A83}
		{7E446F2D-E007-43C7-8849-C21ADD6A4B2F} = {AAAEF014-DD60-41B7-AC35-3F7B36177A83}
		{1274BE5E-953F-4905-A978-B9E86C84528E} = {AAAEF014-DD60-41B7-AC35-3F7B36177A83}
		{9D7C9F1D-AC35-4658-A747-6A1234E8E7F2} = {5B44F1FD-8F8D-4239-A105-0F35E45D1838}
		{389F8C42-6A4C-4F12-9231-604517CB3393} = {5B44F1FD-8F8D-4239-A105-0F35E45D1838}
		{C04253AF-FA1E-4F64-AE16-739287F392E6} = {5B44F1FD-8F8D-4239-A105-0F35E45D1838}
		{3DAE6207-6DBF-4D98-9D95-64B1E25FB7C2} = {EF3DDBDD-4FA9-478A-B252-34DB40F60154}
		{3A9026E1-EB33-4217-92D9-D3FC40B82553} = {EF3DDBDD-4FA9-478A-B252-34DB40F60154}
		{891B32E5-71F9-45B1-8731-3F6DA1EF2295} = {EF3DDBDD-4FA9-478A-B252-34DB40F60154}
		{51E8EAD3-FAFE-46D1-A618-6C10C1DEA15B} = {EB6DC77A-3DC3-4C1A-AEF2-EF7B4787A879}
		{3EF9317C-A2A5-4041-B447-5B93A701B823} = {EB6DC77A-3DC3-4C1A-AEF2-EF7B4787A879}
		{F58E2218-B2DC-426C-BFF4-CFBA7AEC023C} = {EB6DC77A-3DC3-4C1A-AEF2-EF7B4787A879}
		{782C5BDD-D9A5-4255-84D8-3BBC678DF202} = {78BCA739-C146-4C37-A5CD-35650B5AD80C}
		{748C533A-FBDB-4177-9536-34AD6641015A} = {78BCA739-C146-4C37-A5CD-35650B5AD80C}
		{8B6898BE-3711-4BDF-8FDB-C599756C6C3E} = {78BCA739-C146-4C37-A5CD-35650B5AD80C}
		{05954931-71EC-4824-8F9F-623043D6D5DD} = {97B30ABF-CAE2-4B32-AE52-4FF2F363D6E6}
		{50CF39A2-5EF7-4A0D-A161-2356A5A84508} = {97B30ABF-CAE2-4B32-AE52-4FF2F363D6E6}
		{A81D4878-D303-45D5-BDD2-95CE018BA0EF} = {97B30ABF-CAE2-4B32-AE52-4FF2F363D6E6}
		{2A3F4F4B-AE4B-4028-A761-FF31E9C21786} = {F3BFDE6A-44F7-45AC-8D3F-509A0F7354EE}
		{D70BF547-5C60-4EA2-A284-D1E9D04B8845} = {F3BFDE6A-44F7-45AC-8D3F-509A0F7354EE}
		{150B7B0A-D18C-4E76-A752-7AF28D9A7D30} = {F3BFDE6A-44F7-45AC-8D3F-509A0F7354EE}
		{7444D5E3-4456-4276-8A5C-5FBA8464576C} = {31B38BE4-8FF2-40B5-8E07-7501301952D0}
		{6CD49C1B-FFA7-4D1D-8389-11418FFA8B4F} = {31B38BE4-8FF2-40B5-8E07-7501301952D0}
		{2927B547-4EBB-4291-883F-5DDEEC29150C} = {31B38BE4-8FF2-40B5-8E07-7501301952D0}
	EndGlobalSection
	GlobalSection(ExtensibilityGlobals) = postSolution
		SolutionGuid = {33AB68E3-601C-4487-BA30-0DF9C3F764E4}
	EndGlobalSection
EndGlobal
